
Microsoft Visual Studio Solution File, Format Version 12.00
# Visual Studio Version 17
VisualStudioVersion = 17.11.35312.102
MinimumVisualStudioVersion = 10.0.40219.1
Project("{FAE04EC0-301F-11D3-BF4B-00C04F79EFBC}") = "Suleap_Anca_Lab2", "Suleap_Anca_Lab2.csproj", "{068A7861-B3CC-4F85-B427-EAA3308C3FEE}"
EndProject
Global
	GlobalSection(SolutionConfigurationPlatforms) = preSolution
		Debug|Any CPU = Debug|Any CPU
		Release|Any CPU = Release|Any CPU
	EndGlobalSection
	GlobalSection(ProjectConfigurationPlatforms) = postSolution
		{068A7861-B3CC-4F85-B427-EAA3308C3FEE}.Debug|Any CPU.ActiveCfg = Debug|Any CPU
		{068A7861-B3CC-4F85-B427-EAA3308C3FEE}.Debug|Any CPU.Build.0 = Debug|Any CPU
		{068A7861-B3CC-4F85-B427-EAA3308C3FEE}.Release|Any CPU.ActiveCfg = Release|Any CPU
		{068A7861-B3CC-4F85-B427-EAA3308C3FEE}.Release|Any CPU.Build.0 = Release|Any CPU
	EndGlobalSection
	GlobalSection(SolutionProperties) = preSolution
		HideSolutionNode = FALSE
	EndGlobalSection
	GlobalSection(ExtensibilityGlobals) = postSolution
		SolutionGuid = {40771BAC-9E0F-45B2-9395-A2E6C75C98F1}
	EndGlobalSection
EndGlobal
